
Microsoft Visual Studio Solution File, Format Version 12.00
# Visual Studio 2013
VisualStudioVersion = 12.0.21005.1
MinimumVisualStudioVersion = 10.0.40219.1
Project("{FAE04EC0-301F-11D3-BF4B-00C04F79EFBC}") = "SebJones", "SebJones\SebJones.csproj", "{BFAD065E-45C9-443C-9FAB-E4B4D4BD7F8B}"
EndProject
Project("{FAE04EC0-301F-11D3-BF4B-00C04F79EFBC}") = "SebJones.Tests", "SebJones.Tests\SebJones.Tests.csproj", "{DDACFA40-EA6E-4C1F-AC1E-20BFF48106E3}"
EndProject
Global
	GlobalSection(SolutionConfigurationPlatforms) = preSolution
		Debug|Any CPU = Debug|Any CPU
		Release|Any CPU = Release|Any CPU
	EndGlobalSection
	GlobalSection(ProjectConfigurationPlatforms) = postSolution
		{BFAD065E-45C9-443C-9FAB-E4B4D4BD7F8B}.Debug|Any CPU.ActiveCfg = Debug|Any CPU
		{BFAD065E-45C9-443C-9FAB-E4B4D4BD7F8B}.Debug|Any CPU.Build.0 = Debug|Any CPU
		{BFAD065E-45C9-443C-9FAB-E4B4D4BD7F8B}.Release|Any CPU.ActiveCfg = Release|Any CPU
		{BFAD065E-45C9-443C-9FAB-E4B4D4BD7F8B}.Release|Any CPU.Build.0 = Release|Any CPU
		{DDACFA40-EA6E-4C1F-AC1E-20BFF48106E3}.Debug|Any CPU.ActiveCfg = Debug|Any CPU
		{DDACFA40-EA6E-4C1F-AC1E-20BFF48106E3}.Debug|Any CPU.Build.0 = Debug|Any CPU
		{DDACFA40-EA6E-4C1F-AC1E-20BFF48106E3}.Release|Any CPU.ActiveCfg = Release|Any CPU
		{DDACFA40-EA6E-4C1F-AC1E-20BFF48106E3}.Release|Any CPU.Build.0 = Release|Any CPU
	EndGlobalSection
	GlobalSection(SolutionProperties) = preSolution
		HideSolutionNode = FALSE
	EndGlobalSection
EndGlobal
